
Microsoft Visual Studio Solution File, Format Version 12.00
# Visual Studio Version 16
VisualStudioVersion = 16.0.30717.126
MinimumVisualStudioVersion = 15.0.26124.0
Project("{2150E333-8FDC-42A3-9474-1A3956D46DE8}") = "domain", "domain", "{6C546439-C01D-4CFA-B61E-768320A7D441}"
EndProject
Project("{2150E333-8FDC-42A3-9474-1A3956D46DE8}") = "infrastructure", "infrastructure", "{C24821A4-F87E-4B76-8C0E-E155D10F98D6}"
EndProject
Project("{9A19103F-16F7-4668-BE54-9A1E7A4F7556}") = "Store.Memory", "infrastructure\StoreMemory\Store.Memory.csproj", "{1FA016BD-B8DC-4C8D-9AAA-AFF236E380E6}"
EndProject
Project("{9A19103F-16F7-4668-BE54-9A1E7A4F7556}") = "Store", "Store\Store.csproj", "{607F77DA-59C1-49AC-BE25-3C58D21EBDC6}"
EndProject
Project("{2150E333-8FDC-42A3-9474-1A3956D46DE8}") = "presentation", "presentation", "{4D0EAE69-1367-4694-838F-A15171F34BEC}"
EndProject
Project("{9A19103F-16F7-4668-BE54-9A1E7A4F7556}") = "Store.Web", "presentation\Store.Web\Store.Web.csproj", "{AA2ABB39-7F96-4CD6-8D75-A0632FD2CAC0}"
EndProject
Project("{9A19103F-16F7-4668-BE54-9A1E7A4F7556}") = "Store.Tests", "domain\Store.Tests\Store.Tests.csproj", "{AC416468-8BBF-49FD-9914-A0F154EB9544}"
EndProject
Project("{9A19103F-16F7-4668-BE54-9A1E7A4F7556}") = "Store.Web.Contractors", "presentation\Store.Web.Contractors\Store.Web.Contractors.csproj", "{46D2D384-3AD4-4D32-909F-971B94616E92}"
EndProject
Project("{2150E333-8FDC-42A3-9474-1A3956D46DE8}") = "plugins", "plugins", "{24C5C04C-470D-40B8-AACF-62BDB74859B9}"
EndProject
Project("{9A19103F-16F7-4668-BE54-9A1E7A4F7556}") = "Store.YandexKassa", "plugins\Store.YandexKassa\Store.YandexKassa.csproj", "{491C8DC1-8450-40A6-98D1-494F784F1C28}"
EndProject
Project("{2150E333-8FDC-42A3-9474-1A3956D46DE8}") = "application", "application", "{FF8BA239-A2F7-4321-8541-0F1358E6FEAB}"
EndProject
Project("{FAE04EC0-301F-11D3-BF4B-00C04F79EFBC}") = "Store.Web.App", "application\Store.Web.App\Store.Web.App.csproj", "{161190A4-57EB-49F7-B562-3613103318AF}"
EndProject
Global
	GlobalSection(SolutionConfigurationPlatforms) = preSolution
		Debug|Any CPU = Debug|Any CPU
		Debug|x64 = Debug|x64
		Debug|x86 = Debug|x86
		Release|Any CPU = Release|Any CPU
		Release|x64 = Release|x64
		Release|x86 = Release|x86
	EndGlobalSection
	GlobalSection(ProjectConfigurationPlatforms) = postSolution
		{1FA016BD-B8DC-4C8D-9AAA-AFF236E380E6}.Debug|Any CPU.ActiveCfg = Debug|Any CPU
		{1FA016BD-B8DC-4C8D-9AAA-AFF236E380E6}.Debug|Any CPU.Build.0 = Debug|Any CPU
		{1FA016BD-B8DC-4C8D-9AAA-AFF236E380E6}.Debug|x64.ActiveCfg = Debug|Any CPU
		{1FA016BD-B8DC-4C8D-9AAA-AFF236E380E6}.Debug|x64.Build.0 = Debug|Any CPU
		{1FA016BD-B8DC-4C8D-9AAA-AFF236E380E6}.Debug|x86.ActiveCfg = Debug|Any CPU
		{1FA016BD-B8DC-4C8D-9AAA-AFF236E380E6}.Debug|x86.Build.0 = Debug|Any CPU
		{1FA016BD-B8DC-4C8D-9AAA-AFF236E380E6}.Release|Any CPU.ActiveCfg = Release|Any CPU
		{1FA016BD-B8DC-4C8D-9AAA-AFF236E380E6}.Release|Any CPU.Build.0 = Release|Any CPU
		{1FA016BD-B8DC-4C8D-9AAA-AFF236E380E6}.Release|x64.ActiveCfg = Release|Any CPU
		{1FA016BD-B8DC-4C8D-9AAA-AFF236E380E6}.Release|x64.Build.0 = Release|Any CPU
		{1FA016BD-B8DC-4C8D-9AAA-AFF236E380E6}.Release|x86.ActiveCfg = Release|Any CPU
		{1FA016BD-B8DC-4C8D-9AAA-AFF236E380E6}.Release|x86.Build.0 = Release|Any CPU
		{607F77DA-59C1-49AC-BE25-3C58D21EBDC6}.Debug|Any CPU.ActiveCfg = Debug|Any CPU
		{607F77DA-59C1-49AC-BE25-3C58D21EBDC6}.Debug|Any CPU.Build.0 = Debug|Any CPU
		{607F77DA-59C1-49AC-BE25-3C58D21EBDC6}.Debug|x64.ActiveCfg = Debug|Any CPU
		{607F77DA-59C1-49AC-BE25-3C58D21EBDC6}.Debug|x64.Build.0 = Debug|Any CPU
		{607F77DA-59C1-49AC-BE25-3C58D21EBDC6}.Debug|x86.ActiveCfg = Debug|Any CPU
		{607F77DA-59C1-49AC-BE25-3C58D21EBDC6}.Debug|x86.Build.0 = Debug|Any CPU
		{607F77DA-59C1-49AC-BE25-3C58D21EBDC6}.Release|Any CPU.ActiveCfg = Release|Any CPU
		{607F77DA-59C1-49AC-BE25-3C58D21EBDC6}.Release|Any CPU.Build.0 = Release|Any CPU
		{607F77DA-59C1-49AC-BE25-3C58D21EBDC6}.Release|x64.ActiveCfg = Release|Any CPU
		{607F77DA-59C1-49AC-BE25-3C58D21EBDC6}.Release|x64.Build.0 = Release|Any CPU
		{607F77DA-59C1-49AC-BE25-3C58D21EBDC6}.Release|x86.ActiveCfg = Release|Any CPU
		{607F77DA-59C1-49AC-BE25-3C58D21EBDC6}.Release|x86.Build.0 = Release|Any CPU
		{AA2ABB39-7F96-4CD6-8D75-A0632FD2CAC0}.Debug|Any CPU.ActiveCfg = Debug|Any CPU
		{AA2ABB39-7F96-4CD6-8D75-A0632FD2CAC0}.Debug|Any CPU.Build.0 = Debug|Any CPU
		{AA2ABB39-7F96-4CD6-8D75-A0632FD2CAC0}.Debug|x64.ActiveCfg = Debug|Any CPU
		{AA2ABB39-7F96-4CD6-8D75-A0632FD2CAC0}.Debug|x64.Build.0 = Debug|Any CPU
		{AA2ABB39-7F96-4CD6-8D75-A0632FD2CAC0}.Debug|x86.ActiveCfg = Debug|Any CPU
		{AA2ABB39-7F96-4CD6-8D75-A0632FD2CAC0}.Debug|x86.Build.0 = Debug|Any CPU
		{AA2ABB39-7F96-4CD6-8D75-A0632FD2CAC0}.Release|Any CPU.ActiveCfg = Release|Any CPU
		{AA2ABB39-7F96-4CD6-8D75-A0632FD2CAC0}.Release|Any CPU.Build.0 = Release|Any CPU
		{AA2ABB39-7F96-4CD6-8D75-A0632FD2CAC0}.Release|x64.ActiveCfg = Release|Any CPU
		{AA2ABB39-7F96-4CD6-8D75-A0632FD2CAC0}.Release|x64.Build.0 = Release|Any CPU
		{AA2ABB39-7F96-4CD6-8D75-A0632FD2CAC0}.Release|x86.ActiveCfg = Release|Any CPU
		{AA2ABB39-7F96-4CD6-8D75-A0632FD2CAC0}.Release|x86.Build.0 = Release|Any CPU
		{AC416468-8BBF-49FD-9914-A0F154EB9544}.Debug|Any CPU.ActiveCfg = Debug|Any CPU
		{AC416468-8BBF-49FD-9914-A0F154EB9544}.Debug|Any CPU.Build.0 = Debug|Any CPU
		{AC416468-8BBF-49FD-9914-A0F154EB9544}.Debug|x64.ActiveCfg = Debug|Any CPU
		{AC416468-8BBF-49FD-9914-A0F154EB9544}.Debug|x64.Build.0 = Debug|Any CPU
		{AC416468-8BBF-49FD-9914-A0F154EB9544}.Debug|x86.ActiveCfg = Debug|Any CPU
		{AC416468-8BBF-49FD-9914-A0F154EB9544}.Debug|x86.Build.0 = Debug|Any CPU
		{AC416468-8BBF-49FD-9914-A0F154EB9544}.Release|Any CPU.ActiveCfg = Release|Any CPU
		{AC416468-8BBF-49FD-9914-A0F154EB9544}.Release|Any CPU.Build.0 = Release|Any CPU
		{AC416468-8BBF-49FD-9914-A0F154EB9544}.Release|x64.ActiveCfg = Release|Any CPU
		{AC416468-8BBF-49FD-9914-A0F154EB9544}.Release|x64.Build.0 = Release|Any CPU
		{AC416468-8BBF-49FD-9914-A0F154EB9544}.Release|x86.ActiveCfg = Release|Any CPU
		{AC416468-8BBF-49FD-9914-A0F154EB9544}.Release|x86.Build.0 = Release|Any CPU
		{46D2D384-3AD4-4D32-909F-971B94616E92}.Debug|Any CPU.ActiveCfg = Debug|Any CPU
		{46D2D384-3AD4-4D32-909F-971B94616E92}.Debug|Any CPU.Build.0 = Debug|Any CPU
		{46D2D384-3AD4-4D32-909F-971B94616E92}.Debug|x64.ActiveCfg = Debug|Any CPU
		{46D2D384-3AD4-4D32-909F-971B94616E92}.Debug|x64.Build.0 = Debug|Any CPU
		{46D2D384-3AD4-4D32-909F-971B94616E92}.Debug|x86.ActiveCfg = Debug|Any CPU
		{46D2D384-3AD4-4D32-909F-971B94616E92}.Debug|x86.Build.0 = Debug|Any CPU
		{46D2D384-3AD4-4D32-909F-971B94616E92}.Release|Any CPU.ActiveCfg = Release|Any CPU
		{46D2D384-3AD4-4D32-909F-971B94616E92}.Release|Any CPU.Build.0 = Release|Any CPU
		{46D2D384-3AD4-4D32-909F-971B94616E92}.Release|x64.ActiveCfg = Release|Any CPU
		{46D2D384-3AD4-4D32-909F-971B94616E92}.Release|x64.Build.0 = Release|Any CPU
		{46D2D384-3AD4-4D32-909F-971B94616E92}.Release|x86.ActiveCfg = Release|Any CPU
		{46D2D384-3AD4-4D32-909F-971B94616E92}.Release|x86.Build.0 = Release|Any CPU
		{491C8DC1-8450-40A6-98D1-494F784F1C28}.Debug|Any CPU.ActiveCfg = Debug|Any CPU
		{491C8DC1-8450-40A6-98D1-494F784F1C28}.Debug|Any CPU.Build.0 = Debug|Any CPU
		{491C8DC1-8450-40A6-98D1-494F784F1C28}.Debug|x64.ActiveCfg = Debug|Any CPU
		{491C8DC1-8450-40A6-98D1-494F784F1C28}.Debug|x64.Build.0 = Debug|Any CPU
		{491C8DC1-8450-40A6-98D1-494F784F1C28}.Debug|x86.ActiveCfg = Debug|Any CPU
		{491C8DC1-8450-40A6-98D1-494F784F1C28}.Debug|x86.Build.0 = Debug|Any CPU
		{491C8DC1-8450-40A6-98D1-494F784F1C28}.Release|Any CPU.ActiveCfg = Release|Any CPU
		{491C8DC1-8450-40A6-98D1-494F784F1C28}.Release|Any CPU.Build.0 = Release|Any CPU
		{491C8DC1-8450-40A6-98D1-494F784F1C28}.Release|x64.ActiveCfg = Release|Any CPU
		{491C8DC1-8450-40A6-98D1-494F784F1C28}.Release|x64.Build.0 = Release|Any CPU
		{491C8DC1-8450-40A6-98D1-494F784F1C28}.Release|x86.ActiveCfg = Release|Any CPU
		{491C8DC1-8450-40A6-98D1-494F784F1C28}.Release|x86.Build.0 = Release|Any CPU
		{161190A4-57EB-49F7-B562-3613103318AF}.Debug|Any CPU.ActiveCfg = Debug|Any CPU
		{161190A4-57EB-49F7-B562-3613103318AF}.Debug|Any CPU.Build.0 = Debug|Any CPU
		{161190A4-57EB-49F7-B562-3613103318AF}.Debug|x64.ActiveCfg = Debug|Any CPU
		{161190A4-57EB-49F7-B562-3613103318AF}.Debug|x64.Build.0 = Debug|Any CPU
		{161190A4-57EB-49F7-B562-3613103318AF}.Debug|x86.ActiveCfg = Debug|Any CPU
		{161190A4-57EB-49F7-B562-3613103318AF}.Debug|x86.Build.0 = Debug|Any CPU
		{161190A4-57EB-49F7-B562-3613103318AF}.Release|Any CPU.ActiveCfg = Release|Any CPU
		{161190A4-57EB-49F7-B562-3613103318AF}.Release|Any CPU.Build.0 = Release|Any CPU
		{161190A4-57EB-49F7-B562-3613103318AF}.Release|x64.ActiveCfg = Release|Any CPU
		{161190A4-57EB-49F7-B562-3613103318AF}.Release|x64.Build.0 = Release|Any CPU
		{161190A4-57EB-49F7-B562-3613103318AF}.Release|x86.ActiveCfg = Release|Any CPU
		{161190A4-57EB-49F7-B562-3613103318AF}.Release|x86.Build.0 = Release|Any CPU
	EndGlobalSection
	GlobalSection(SolutionProperties) = preSolution
		HideSolutionNode = FALSE
	EndGlobalSection
	GlobalSection(NestedProjects) = preSolution
		{1FA016BD-B8DC-4C8D-9AAA-AFF236E380E6} = {C24821A4-F87E-4B76-8C0E-E155D10F98D6}
		{607F77DA-59C1-49AC-BE25-3C58D21EBDC6} = {6C546439-C01D-4CFA-B61E-768320A7D441}
		{AA2ABB39-7F96-4CD6-8D75-A0632FD2CAC0} = {4D0EAE69-1367-4694-838F-A15171F34BEC}
		{AC416468-8BBF-49FD-9914-A0F154EB9544} = {6C546439-C01D-4CFA-B61E-768320A7D441}
		{46D2D384-3AD4-4D32-909F-971B94616E92} = {4D0EAE69-1367-4694-838F-A15171F34BEC}
		{491C8DC1-8450-40A6-98D1-494F784F1C28} = {24C5C04C-470D-40B8-AACF-62BDB74859B9}
		{161190A4-57EB-49F7-B562-3613103318AF} = {FF8BA239-A2F7-4321-8541-0F1358E6FEAB}
	EndGlobalSection
	GlobalSection(ExtensibilityGlobals) = postSolution
		SolutionGuid = {39D6F33D-736B-41DB-96A9-639D178536B9}
	EndGlobalSection
EndGlobal
